
Microsoft Visual Studio Solution File, Format Version 12.00
Project("{FAE04EC0-301F-11D3-BF4B-00C04F79EFBC}") = "Program", "Program\Program.csproj", "{C7DF6F43-A45C-4647-82F4-974B7962CDBF}"
EndProject
Global
	GlobalSection(SolutionConfigurationPlatforms) = preSolution
		Debug|Any CPU = Debug|Any CPU
		Release|Any CPU = Release|Any CPU
	EndGlobalSection
	GlobalSection(ProjectConfigurationPlatforms) = postSolution
		{C7DF6F43-A45C-4647-82F4-974B7962CDBF}.Debug|Any CPU.ActiveCfg = Debug|Any CPU
		{C7DF6F43-A45C-4647-82F4-974B7962CDBF}.Debug|Any CPU.Build.0 = Debug|Any CPU
		{C7DF6F43-A45C-4647-82F4-974B7962CDBF}.Release|Any CPU.ActiveCfg = Release|Any CPU
		{C7DF6F43-A45C-4647-82F4-974B7962CDBF}.Release|Any CPU.Build.0 = Release|Any CPU
	EndGlobalSection
EndGlobal
